
Microsoft Visual Studio Solution File, Format Version 12.00
# Visual Studio Version 16
VisualStudioVersion = 16.0.29905.134
MinimumVisualStudioVersion = 10.0.40219.1
Project("{FAE04EC0-301F-11D3-BF4B-00C04F79EFBC}") = "WebAPI", "WebAPI\WebAPI.csproj", "{327154F4-9CD7-4BB3-9587-2D89C81FE518}"
EndProject
Global
	GlobalSection(SolutionConfigurationPlatforms) = preSolution
		Debug|Any CPU = Debug|Any CPU
		Release|Any CPU = Release|Any CPU
	EndGlobalSection
	GlobalSection(ProjectConfigurationPlatforms) = postSolution
		{327154F4-9CD7-4BB3-9587-2D89C81FE518}.Debug|Any CPU.ActiveCfg = Debug|Any CPU
		{327154F4-9CD7-4BB3-9587-2D89C81FE518}.Debug|Any CPU.Build.0 = Debug|Any CPU
		{327154F4-9CD7-4BB3-9587-2D89C81FE518}.Release|Any CPU.ActiveCfg = Release|Any CPU
		{327154F4-9CD7-4BB3-9587-2D89C81FE518}.Release|Any CPU.Build.0 = Release|Any CPU
	EndGlobalSection
	GlobalSection(SolutionProperties) = preSolution
		HideSolutionNode = FALSE
	EndGlobalSection
	GlobalSection(ExtensibilityGlobals) = postSolution
		SolutionGuid = {619946AA-7AF2-42BE-BC0A-008C2E840A0D}
	EndGlobalSection
EndGlobal
